{
  "version": 4,
  "terraform_version": "1.13.2",
  "serial": 1,
  "lineage": "806f84cb-fbd9-6fe6-59ee-df0ff3bb0f55",
  "outputs": {},
  "resources": [
    {
      "mode": "managed",
      "type": "local_file",
      "name": "myfile",
      "provider": "provider[\"registry.terraform.io/hashicorp/local\"]",
      "instances": [
        {
          "schema_version": 0,
          "attributes": {
            "content": "dev - Welcome to Dev workspace ! - This is a common string variable",
            "content_base64": null,
            "content_base64sha256": "mZqMs5uB29lUaGJvjSX3WQL53uS9OH0NZOwCPrvyN6M=",
            "content_base64sha512": "cBW2taHBCJPdzSJzIdDr8mEYXVJN3HL4cMwBEl7CzkhB//v8vLfqxpKx6+HIzmHOU5fTc9LWeJirV3l2976bVQ==",
            "content_md5": "821c3a5bc53d655d100b1f2534593fdb",
            "content_sha1": "15cf121f9de977748c8f80cd679ef647c1ba8282",
            "content_sha256": "999a8cb39b81dbd95468626f8d25f75902f9dee4bd387d0d64ec023ebbf237a3",
            "content_sha512": "7015b6b5a1c10893ddcd227321d0ebf261185d524ddc72f870cc01125ec2ce4841fffbfcbcb7eac692b1ebe1c8ce61ce5397d373d2d67898ab577976f7be9b55",
            "directory_permission": "0777",
            "file_permission": "0777",
            "filename": "./message-dev.txt",
            "id": "15cf121f9de977748c8f80cd679ef647c1ba8282",
            "sensitive_content": null,
            "source": null
          },
          "sensitive_attributes": [
            [
              {
                "type": "get_attr",
                "value": "sensitive_content"
              }
            ]
          ],
          "identity_schema_version": 0
        }
      ]
    }
  ],
  "check_results": null
}
